<Solution>
  <Folder Name="/src/">
    <Project Path="src/MediaVault.LinkHub.App/MediaVault.LinkHub.App.csproj" />
    <Project Path="src/MediaVault.LinkHub.Application/MediaVault.LinkHub.Application.csproj" />
    <Project Path="src/MediaVault.LinkHub.Domain/MediaVault.LinkHub.Domain.csproj" />
    <Project Path="src/MediaVault.LinkHub.Infrastructure/MediaVault.LinkHub.Infrastructure.csproj" />
  </Folder>
  <Folder Name="/tests/">
    <Project Path="tests/MediaVault.LinkHub.Tests/MediaVault.LinkHub.Tests.csproj" />
  </Folder>
</Solution>
